// !$*UTF8*$!
{
	archiveVersion = 1;
	classes = {
	};
	objectVersion = 42;
	objects = {

/* Begin PBXBuildFile section */
		775DFF38067A968500C5B868 /* Cocoa.framework in Frameworks */ = {isa = PBXBuildFile; fileRef = 1058C7A7FEA54F5311CA2CBB /* Cocoa.framework */; };
		8C6411000AE5FF070075644F /* LibraryDocument.xcdatamodel in Sources */ = {isa = PBXBuildFile; fileRef = 8C6410FE0AE5FF070075644F /* LibraryDocument.xcdatamodel */; };
		8C6411010AE5FF070075644F /* Play.xcclassmodel in Resources */ = {isa = PBXBuildFile; fileRef = 8C6410FF0AE5FF070075644F /* Play.xcclassmodel */; };
		8C64110A0AE5FF2E0075644F /* AudioStreamTableViewDataSource.m in Sources */ = {isa = PBXBuildFile; fileRef = 8C6411050AE5FF2E0075644F /* AudioStreamTableViewDataSource.m */; };
		8C64110B0AE5FF2E0075644F /* LibraryDocument.m in Sources */ = {isa = PBXBuildFile; fileRef = 8C6411070AE5FF2E0075644F /* LibraryDocument.m */; };
		8C64110C0AE5FF2E0075644F /* PlaylistTableViewDataSource.m in Sources */ = {isa = PBXBuildFile; fileRef = 8C6411090AE5FF2E0075644F /* PlaylistTableViewDataSource.m */; };
		8CB8C8720AE736D6000581D5 /* AudioToolbox.framework in Frameworks */ = {isa = PBXBuildFile; fileRef = 8CB8C8450AE736D5000581D5 /* AudioToolbox.framework */; };
		8CB8C8730AE736D6000581D5 /* AudioUnit.framework in Frameworks */ = {isa = PBXBuildFile; fileRef = 8CB8C8460AE736D5000581D5 /* AudioUnit.framework */; };
		8CB8C8740AE736D6000581D5 /* CoreAudio.framework in Frameworks */ = {isa = PBXBuildFile; fileRef = 8CB8C8470AE736D5000581D5 /* CoreAudio.framework */; };
		8CB8C8750AE736DA000581D5 /* CoreData.framework in Frameworks */ = {isa = PBXBuildFile; fileRef = 7788DA0506752A1600599AAD /* CoreData.framework */; };
		8CB8CE250AE74F53000581D5 /* FLAC.framework in Frameworks */ = {isa = PBXBuildFile; fileRef = 8CB8CE140AE74F53000581D5 /* FLAC.framework */; };
		8CB8D4E30AE7E08F000581D5 /* AudioPlayer.m in Sources */ = {isa = PBXBuildFile; fileRef = 8CB8D4E20AE7E08F000581D5 /* AudioPlayer.m */; };
		8CD43AE90AE345A700B41F4D /* PlayApplicationDelegate.m in Sources */ = {isa = PBXBuildFile; fileRef = 8CD43AE80AE345A700B41F4D /* PlayApplicationDelegate.m */; };
		8CD440F90AE3F8B500B41F4D /* Add_Pressed.png in Resources */ = {isa = PBXBuildFile; fileRef = 8CD440F50AE3F8B500B41F4D /* Add_Pressed.png */; };
		8CD440FA0AE3F8B500B41F4D /* Add.png in Resources */ = {isa = PBXBuildFile; fileRef = 8CD440F60AE3F8B500B41F4D /* Add.png */; };
		8CD440FB0AE3F8B500B41F4D /* Remove_Pressed.png in Resources */ = {isa = PBXBuildFile; fileRef = 8CD440F70AE3F8B500B41F4D /* Remove_Pressed.png */; };
		8CD440FC0AE3F8B500B41F4D /* Remove.png in Resources */ = {isa = PBXBuildFile; fileRef = 8CD440F80AE3F8B500B41F4D /* Remove.png */; };
		8CD4410B0AE3F92B00B41F4D /* LibraryDocument.nib in Resources */ = {isa = PBXBuildFile; fileRef = 8CD441090AE3F92B00B41F4D /* LibraryDocument.nib */; };
		8CD445890AE3FE8300B41F4D /* LibraryDocument.icns in Resources */ = {isa = PBXBuildFile; fileRef = 8CD445880AE3FE8300B41F4D /* LibraryDocument.icns */; };
		8CD44FC00AE4BE1D00B41F4D /* LibraryDocumentModel.strings in Resources */ = {isa = PBXBuildFile; fileRef = 8CD44FBE0AE4BE1D00B41F4D /* LibraryDocumentModel.strings */; };
		8CF896930AEAB74F00A99441 /* player_end.png in Resources */ = {isa = PBXBuildFile; fileRef = 8CF8968B0AEAB74F00A99441 /* player_end.png */; };
		8CF896940AEAB74F00A99441 /* player_fwd.png in Resources */ = {isa = PBXBuildFile; fileRef = 8CF8968C0AEAB74F00A99441 /* player_fwd.png */; };
		8CF896950AEAB75000A99441 /* player_pause.png in Resources */ = {isa = PBXBuildFile; fileRef = 8CF8968D0AEAB74F00A99441 /* player_pause.png */; };
		8CF896960AEAB75000A99441 /* player_play.png in Resources */ = {isa = PBXBuildFile; fileRef = 8CF8968E0AEAB74F00A99441 /* player_play.png */; };
		8CF896970AEAB75000A99441 /* player_rev.png in Resources */ = {isa = PBXBuildFile; fileRef = 8CF8968F0AEAB74F00A99441 /* player_rev.png */; };
		8CF896980AEAB75000A99441 /* player_rew.png in Resources */ = {isa = PBXBuildFile; fileRef = 8CF896900AEAB74F00A99441 /* player_rew.png */; };
		8CF896990AEAB75000A99441 /* player_start.png in Resources */ = {isa = PBXBuildFile; fileRef = 8CF896910AEAB74F00A99441 /* player_start.png */; };
		8CF8969A0AEAB75000A99441 /* player_stop.png in Resources */ = {isa = PBXBuildFile; fileRef = 8CF896920AEAB74F00A99441 /* player_stop.png */; };
		8CF896AE0AEAFA9800A99441 /* Play.icns in Resources */ = {isa = PBXBuildFile; fileRef = 8CF896AD0AEAFA9800A99441 /* Play.icns */; };
		8CF89D100AEB301B00A99441 /* Growl.framework in Frameworks */ = {isa = PBXBuildFile; fileRef = 8CF89D080AEB301B00A99441 /* Growl.framework */; };
		8CF8AA560AEBEE1A00A99441 /* AudioStreamInformationSheet.m in Sources */ = {isa = PBXBuildFile; fileRef = 8CF8AA550AEBEE1A00A99441 /* AudioStreamInformationSheet.m */; };
		8CF8AA790AEBF09900A99441 /* AudioStreamInformationSheet.nib in Resources */ = {isa = PBXBuildFile; fileRef = 8CF8AA770AEBF09900A99441 /* AudioStreamInformationSheet.nib */; };
		8CF8AD340AED657800A99441 /* AudioStreamDecoder.m in Sources */ = {isa = PBXBuildFile; fileRef = 8CF8AD2D0AED657700A99441 /* AudioStreamDecoder.m */; };
		8CF8AD350AED657800A99441 /* CircularBuffer.m in Sources */ = {isa = PBXBuildFile; fileRef = 8CF8AD2F0AED657700A99441 /* CircularBuffer.m */; };
		8CF8AD360AED657800A99441 /* FLACStreamDecoder.m in Sources */ = {isa = PBXBuildFile; fileRef = 8CF8AD310AED657700A99441 /* FLACStreamDecoder.m */; };
		8CF8AD370AED657800A99441 /* OggVorbisStreamDecoder.m in Sources */ = {isa = PBXBuildFile; fileRef = 8CF8AD330AED657700A99441 /* OggVorbisStreamDecoder.m */; };
		8CF8B1DC0AED68FB00A99441 /* ogg.framework in Frameworks */ = {isa = PBXBuildFile; fileRef = 8CF8B1CF0AED68FB00A99441 /* ogg.framework */; };
		8CF8B1DD0AED68FB00A99441 /* vorbis.framework in Frameworks */ = {isa = PBXBuildFile; fileRef = 8CF8B1D00AED68FB00A99441 /* vorbis.framework */; };
		8CF8B7020AED745700A99441 /* MusepackStreamDecoder.m in Sources */ = {isa = PBXBuildFile; fileRef = 8CF8B7010AED745700A99441 /* MusepackStreamDecoder.m */; };
		8CF8B7330AED78D200A99441 /* mpcdec.framework in Frameworks */ = {isa = PBXBuildFile; fileRef = 8CF8B7270AED78D200A99441 /* mpcdec.framework */; };
		8CF8B7560AED7A3300A99441 /* FLAC.framework in Copy Frameworks */ = {isa = PBXBuildFile; fileRef = 8CB8CE140AE74F53000581D5 /* FLAC.framework */; };
		8CF8B7570AED7A3300A99441 /* Growl.framework in Copy Frameworks */ = {isa = PBXBuildFile; fileRef = 8CF89D080AEB301B00A99441 /* Growl.framework */; };
		8CF8B7580AED7A3300A99441 /* mpcdec.framework in Copy Frameworks */ = {isa = PBXBuildFile; fileRef = 8CF8B7270AED78D200A99441 /* mpcdec.framework */; };
		8CF8B7590AED7A3300A99441 /* ogg.framework in Copy Frameworks */ = {isa = PBXBuildFile; fileRef = 8CF8B1CF0AED68FB00A99441 /* ogg.framework */; };
		8CF8B75A0AED7A3300A99441 /* vorbis.framework in Copy Frameworks */ = {isa = PBXBuildFile; fileRef = 8CF8B1D00AED68FB00A99441 /* vorbis.framework */; };
		8CF8B79F0AED7E5F00A99441 /* AudioMetadataReader.m in Sources */ = {isa = PBXBuildFile; fileRef = 8CF8B79D0AED7E5E00A99441 /* AudioMetadataReader.m */; };
		8CF8B7C60AED7FB500A99441 /* FLACMetadataReader.m in Sources */ = {isa = PBXBuildFile; fileRef = 8CF8B7C40AED7FB500A99441 /* FLACMetadataReader.m */; };
		8CF8B8340AED83E800A99441 /* OggVorbisMetadataReader.mm in Sources */ = {isa = PBXBuildFile; fileRef = 8CF8B8330AED83E800A99441 /* OggVorbisMetadataReader.mm */; };
		8CF8B86A0AED841300A99441 /* taglib.framework in Frameworks */ = {isa = PBXBuildFile; fileRef = 8CF8B8350AED841300A99441 /* taglib.framework */; };
		8CF8B86B0AED841B00A99441 /* taglib.framework in Copy Frameworks */ = {isa = PBXBuildFile; fileRef = 8CF8B8350AED841300A99441 /* taglib.framework */; };
		8CF8B8920AED868700A99441 /* MusepackMetadataReader.mm in Sources */ = {isa = PBXBuildFile; fileRef = 8CF8B8910AED868700A99441 /* MusepackMetadataReader.mm */; };
		8CF8BE2D0AEDB57400A99441 /* previous.png in Resources */ = {isa = PBXBuildFile; fileRef = 8CF8BE2A0AEDB57400A99441 /* previous.png */; };
		8CF8BE2E0AEDB57400A99441 /* next.png in Resources */ = {isa = PBXBuildFile; fileRef = 8CF8BE2B0AEDB57400A99441 /* next.png */; };
		8CF8BE2F0AEDB57400A99441 /* noatunloopsong.png in Resources */ = {isa = PBXBuildFile; fileRef = 8CF8BE2C0AEDB57400A99441 /* noatunloopsong.png */; };
		8CF8BE390AEDB69200A99441 /* roll.png in Resources */ = {isa = PBXBuildFile; fileRef = 8CF8BE380AEDB69100A99441 /* roll.png */; };
		8CF8C2BD0AEDBFE500A99441 /* AudioStreamTableView.m in Sources */ = {isa = PBXBuildFile; fileRef = 8CF8C2BB0AEDBFE500A99441 /* AudioStreamTableView.m */; };
		8CF8C3170AEDC76000A99441 /* mt19937ar.c in Sources */ = {isa = PBXBuildFile; fileRef = 8CF8C3160AEDC76000A99441 /* mt19937ar.c */; };
		8CF8C3E50AEDD7EA00A99441 /* UtilityFunctions.m in Sources */ = {isa = PBXBuildFile; fileRef = 8CF8C3E30AEDD7EA00A99441 /* UtilityFunctions.m */; };
		8CF8C4340AEDDB7500A99441 /* CoreAudioStreamDecoder.m in Sources */ = {isa = PBXBuildFile; fileRef = 8CF8C4320AEDDB7500A99441 /* CoreAudioStreamDecoder.m */; };
		8D15AC2C0486D014006FF6A4 /* Credits.rtf in Resources */ = {isa = PBXBuildFile; fileRef = 2A37F4B9FDCFA73011CA2CEA /* Credits.rtf */; };
		8D15AC2D0486D014006FF6A4 /* MainMenu.nib in Resources */ = {isa = PBXBuildFile; fileRef = 2A37F4B6FDCFA73011CA2CEA /* MainMenu.nib */; };
		8D15AC2F0486D014006FF6A4 /* InfoPlist.strings in Resources */ = {isa = PBXBuildFile; fileRef = 089C165FFE840EACC02AAC07 /* InfoPlist.strings */; };
		8D15AC320486D014006FF6A4 /* main.m in Sources */ = {isa = PBXBuildFile; fileRef = 2A37F4B0FDCFA73011CA2CEA /* main.m */; settings = {ATTRIBUTES = (); }; };
/* End PBXBuildFile section */

/* Begin PBXCopyFilesBuildPhase section */
		8CF8B7500AED79F500A99441 /* Copy Frameworks */ = {
			isa = PBXCopyFilesBuildPhase;
			buildActionMask = 2147483647;
			dstPath = "";
			dstSubfolderSpec = 10;
			files = (
				8CF8B86B0AED841B00A99441 /* taglib.framework in Copy Frameworks */,
				8CF8B7560AED7A3300A99441 /* FLAC.framework in Copy Frameworks */,
				8CF8B7570AED7A3300A99441 /* Growl.framework in Copy Frameworks */,
				8CF8B7580AED7A3300A99441 /* mpcdec.framework in Copy Frameworks */,
				8CF8B7590AED7A3300A99441 /* ogg.framework in Copy Frameworks */,
				8CF8B75A0AED7A3300A99441 /* vorbis.framework in Copy Frameworks */,
			);
			name = "Copy Frameworks";
			runOnlyForDeploymentPostprocessing = 0;
		};
/* End PBXCopyFilesBuildPhase section */

/* Begin PBXFileReference section */
		089C1660FE840EACC02AAC07 /* English */ = {isa = PBXFileReference; fileEncoding = 10; lastKnownFileType = text.plist.strings; name = English; path = English.lproj/InfoPlist.strings; sourceTree = "<group>"; };
		1058C7A7FEA54F5311CA2CBB /* Cocoa.framework */ = {isa = PBXFileReference; lastKnownFileType = wrapper.framework; name = Cocoa.framework; path = /System/Library/Frameworks/Cocoa.framework; sourceTree = "<absolute>"; };
		2A37F4B0FDCFA73011CA2CEA /* main.m */ = {isa = PBXFileReference; fileEncoding = 4; lastKnownFileType = sourcecode.c.objc; path = main.m; sourceTree = "<group>"; };
		2A37F4B7FDCFA73011CA2CEA /* English */ = {isa = PBXFileReference; lastKnownFileType = wrapper.nib; name = English; path = English.lproj/MainMenu.nib; sourceTree = "<group>"; };
		2A37F4BAFDCFA73011CA2CEA /* English */ = {isa = PBXFileReference; lastKnownFileType = text.rtf; name = English; path = English.lproj/Credits.rtf; sourceTree = "<group>"; };
		2A37F4C4FDCFA73011CA2CEA /* AppKit.framework */ = {isa = PBXFileReference; lastKnownFileType = wrapper.framework; name = AppKit.framework; path = /System/Library/Frameworks/AppKit.framework; sourceTree = "<absolute>"; };
		2A37F4C5FDCFA73011CA2CEA /* Foundation.framework */ = {isa = PBXFileReference; lastKnownFileType = wrapper.framework; name = Foundation.framework; path = /System/Library/Frameworks/Foundation.framework; sourceTree = "<absolute>"; };
		32DBCF750370BD2300C91783 /* Play_Prefix.pch */ = {isa = PBXFileReference; fileEncoding = 4; lastKnownFileType = sourcecode.c.h; path = Play_Prefix.pch; sourceTree = "<group>"; };
		7788DA0506752A1600599AAD /* CoreData.framework */ = {isa = PBXFileReference; lastKnownFileType = wrapper.framework; name = CoreData.framework; path = /System/Library/Frameworks/CoreData.framework; sourceTree = "<absolute>"; };
		8C6410FE0AE5FF070075644F /* LibraryDocument.xcdatamodel */ = {isa = PBXFileReference; fileEncoding = 30; lastKnownFileType = wrapper.xcdatamodel; name = LibraryDocument.xcdatamodel; path = Models/LibraryDocument.xcdatamodel; sourceTree = "<group>"; };
		8C6410FF0AE5FF070075644F /* Play.xcclassmodel */ = {isa = PBXFileReference; lastKnownFileType = wrapper.xcclassmodel; name = Play.xcclassmodel; path = Models/Play.xcclassmodel; sourceTree = "<group>"; };
		8C6411040AE5FF2E0075644F /* AudioStreamTableViewDataSource.h */ = {isa = PBXFileReference; fileEncoding = 30; lastKnownFileType = sourcecode.c.h; name = AudioStreamTableViewDataSource.h; path = LibraryDocument/AudioStreamTableViewDataSource.h; sourceTree = "<group>"; };
		8C6411050AE5FF2E0075644F /* AudioStreamTableViewDataSource.m */ = {isa = PBXFileReference; fileEncoding = 30; lastKnownFileType = sourcecode.c.objc; name = AudioStreamTableViewDataSource.m; path = LibraryDocument/AudioStreamTableViewDataSource.m; sourceTree = "<group>"; };
		8C6411060AE5FF2E0075644F /* LibraryDocument.h */ = {isa = PBXFileReference; fileEncoding = 30; lastKnownFileType = sourcecode.c.h; name = LibraryDocument.h; path = LibraryDocument/LibraryDocument.h; sourceTree = "<group>"; };
		8C6411070AE5FF2E0075644F /* LibraryDocument.m */ = {isa = PBXFileReference; fileEncoding = 30; lastKnownFileType = sourcecode.c.objc; name = LibraryDocument.m; path = LibraryDocument/LibraryDocument.m; sourceTree = "<group>"; };
		8C6411080AE5FF2E0075644F /* PlaylistTableViewDataSource.h */ = {isa = PBXFileReference; fileEncoding = 30; lastKnownFileType = sourcecode.c.h; name = PlaylistTableViewDataSource.h; path = LibraryDocument/PlaylistTableViewDataSource.h; sourceTree = "<group>"; };
		8C6411090AE5FF2E0075644F /* PlaylistTableViewDataSource.m */ = {isa = PBXFileReference; fileEncoding = 30; lastKnownFileType = sourcecode.c.objc; name = PlaylistTableViewDataSource.m; path = LibraryDocument/PlaylistTableViewDataSource.m; sourceTree = "<group>"; };
		8CB8C8450AE736D5000581D5 /* AudioToolbox.framework */ = {isa = PBXFileReference; lastKnownFileType = wrapper.framework; name = AudioToolbox.framework; path = /System/Library/Frameworks/AudioToolbox.framework; sourceTree = "<absolute>"; };
		8CB8C8460AE736D5000581D5 /* AudioUnit.framework */ = {isa = PBXFileReference; lastKnownFileType = wrapper.framework; name = AudioUnit.framework; path = /System/Library/Frameworks/AudioUnit.framework; sourceTree = "<absolute>"; };
		8CB8C8470AE736D5000581D5 /* CoreAudio.framework */ = {isa = PBXFileReference; lastKnownFileType = wrapper.framework; name = CoreAudio.framework; path = /System/Library/Frameworks/CoreAudio.framework; sourceTree = "<absolute>"; };
		8CB8CE140AE74F53000581D5 /* FLAC.framework */ = {isa = PBXFileReference; lastKnownFileType = wrapper.framework; name = FLAC.framework; path = Frameworks/FLAC.framework; sourceTree = "<group>"; };
		8CB8D4E10AE7E08F000581D5 /* AudioPlayer.h */ = {isa = PBXFileReference; fileEncoding = 4; lastKnownFileType = sourcecode.c.h; name = AudioPlayer.h; path = Audio/AudioPlayer.h; sourceTree = "<group>"; };
		8CB8D4E20AE7E08F000581D5 /* AudioPlayer.m */ = {isa = PBXFileReference; fileEncoding = 4; lastKnownFileType = sourcecode.c.objc; name = AudioPlayer.m; path = Audio/AudioPlayer.m; sourceTree = "<group>"; };
		8CD43AE70AE345A700B41F4D /* PlayApplicationDelegate.h */ = {isa = PBXFileReference; fileEncoding = 4; lastKnownFileType = sourcecode.c.h; path = PlayApplicationDelegate.h; sourceTree = "<group>"; };
		8CD43AE80AE345A700B41F4D /* PlayApplicationDelegate.m */ = {isa = PBXFileReference; fileEncoding = 4; lastKnownFileType = sourcecode.c.objc; path = PlayApplicationDelegate.m; sourceTree = "<group>"; };
		8CD440F50AE3F8B500B41F4D /* Add_Pressed.png */ = {isa = PBXFileReference; lastKnownFileType = image.png; name = Add_Pressed.png; path = Images/Add_Pressed.png; sourceTree = "<group>"; };
		8CD440F60AE3F8B500B41F4D /* Add.png */ = {isa = PBXFileReference; lastKnownFileType = image.png; name = Add.png; path = Images/Add.png; sourceTree = "<group>"; };
		8CD440F70AE3F8B500B41F4D /* Remove_Pressed.png */ = {isa = PBXFileReference; lastKnownFileType = image.png; name = Remove_Pressed.png; path = Images/Remove_Pressed.png; sourceTree = "<group>"; };
		8CD440F80AE3F8B500B41F4D /* Remove.png */ = {isa = PBXFileReference; lastKnownFileType = image.png; name = Remove.png; path = Images/Remove.png; sourceTree = "<group>"; };
		8CD4410A0AE3F92B00B41F4D /* English */ = {isa = PBXFileReference; lastKnownFileType = wrapper.nib; name = English; path = English.lproj/LibraryDocument.nib; sourceTree = "<group>"; };
		8CD445880AE3FE8300B41F4D /* LibraryDocument.icns */ = {isa = PBXFileReference; lastKnownFileType = image.icns; name = LibraryDocument.icns; path = Icons/LibraryDocument.icns; sourceTree = "<group>"; };
		8CD44FBF0AE4BE1D00B41F4D /* English */ = {isa = PBXFileReference; fileEncoding = 30; lastKnownFileType = text.plist.strings; name = English; path = English.lproj/LibraryDocumentModel.strings; sourceTree = "<group>"; };
		8CF8968B0AEAB74F00A99441 /* player_end.png */ = {isa = PBXFileReference; lastKnownFileType = image.png; name = player_end.png; path = Images/player_end.png; sourceTree = "<group>"; };
		8CF8968C0AEAB74F00A99441 /* player_fwd.png */ = {isa = PBXFileReference; lastKnownFileType = image.png; name = player_fwd.png; path = Images/player_fwd.png; sourceTree = "<group>"; };
		8CF8968D0AEAB74F00A99441 /* player_pause.png */ = {isa = PBXFileReference; lastKnownFileType = image.png; name = player_pause.png; path = Images/player_pause.png; sourceTree = "<group>"; };
		8CF8968E0AEAB74F00A99441 /* player_play.png */ = {isa = PBXFileReference; lastKnownFileType = image.png; name = player_play.png; path = Images/player_play.png; sourceTree = "<group>"; };
		8CF8968F0AEAB74F00A99441 /* player_rev.png */ = {isa = PBXFileReference; lastKnownFileType = image.png; name = player_rev.png; path = Images/player_rev.png; sourceTree = "<group>"; };
		8CF896900AEAB74F00A99441 /* player_rew.png */ = {isa = PBXFileReference; lastKnownFileType = image.png; name = player_rew.png; path = Images/player_rew.png; sourceTree = "<group>"; };
		8CF896910AEAB74F00A99441 /* player_start.png */ = {isa = PBXFileReference; lastKnownFileType = image.png; name = player_start.png; path = Images/player_start.png; sourceTree = "<group>"; };
		8CF896920AEAB74F00A99441 /* player_stop.png */ = {isa = PBXFileReference; lastKnownFileType = image.png; name = player_stop.png; path = Images/player_stop.png; sourceTree = "<group>"; };
		8CF896AD0AEAFA9800A99441 /* Play.icns */ = {isa = PBXFileReference; lastKnownFileType = image.icns; name = Play.icns; path = Icons/Play.icns; sourceTree = "<group>"; };
		8CF89D080AEB301B00A99441 /* Growl.framework */ = {isa = PBXFileReference; lastKnownFileType = wrapper.framework; name = Growl.framework; path = Frameworks/Growl.framework; sourceTree = "<group>"; };
		8CF8AA540AEBEE1A00A99441 /* AudioStreamInformationSheet.h */ = {isa = PBXFileReference; fileEncoding = 4; lastKnownFileType = sourcecode.c.h; name = AudioStreamInformationSheet.h; path = LibraryDocument/AudioStreamInformationSheet.h; sourceTree = "<group>"; };
		8CF8AA550AEBEE1A00A99441 /* AudioStreamInformationSheet.m */ = {isa = PBXFileReference; fileEncoding = 4; lastKnownFileType = sourcecode.c.objc; name = AudioStreamInformationSheet.m; path = LibraryDocument/AudioStreamInformationSheet.m; sourceTree = "<group>"; };
		8CF8AA780AEBF09900A99441 /* English */ = {isa = PBXFileReference; lastKnownFileType = wrapper.nib; name = English; path = English.lproj/AudioStreamInformationSheet.nib; sourceTree = "<group>"; };
		8CF8AD2C0AED657700A99441 /* AudioStreamDecoder.h */ = {isa = PBXFileReference; fileEncoding = 30; lastKnownFileType = sourcecode.c.h; name = AudioStreamDecoder.h; path = Audio/Decoders/AudioStreamDecoder.h; sourceTree = "<group>"; };
		8CF8AD2D0AED657700A99441 /* AudioStreamDecoder.m */ = {isa = PBXFileReference; fileEncoding = 30; lastKnownFileType = sourcecode.c.objc; name = AudioStreamDecoder.m; path = Audio/Decoders/AudioStreamDecoder.m; sourceTree = "<group>"; };
		8CF8AD2E0AED657700A99441 /* CircularBuffer.h */ = {isa = PBXFileReference; fileEncoding = 30; lastKnownFileType = sourcecode.c.h; name = CircularBuffer.h; path = Audio/Decoders/CircularBuffer.h; sourceTree = "<group>"; };
		8CF8AD2F0AED657700A99441 /* CircularBuffer.m */ = {isa = PBXFileReference; fileEncoding = 30; lastKnownFileType = sourcecode.c.objc; name = CircularBuffer.m; path = Audio/Decoders/CircularBuffer.m; sourceTree = "<group>"; };
		8CF8AD300AED657700A99441 /* FLACStreamDecoder.h */ = {isa = PBXFileReference; fileEncoding = 30; lastKnownFileType = sourcecode.c.h; name = FLACStreamDecoder.h; path = Audio/Decoders/FLACStreamDecoder.h; sourceTree = "<group>"; };
		8CF8AD310AED657700A99441 /* FLACStreamDecoder.m */ = {isa = PBXFileReference; fileEncoding = 30; lastKnownFileType = sourcecode.c.objc; name = FLACStreamDecoder.m; path = Audio/Decoders/FLACStreamDecoder.m; sourceTree = "<group>"; };
		8CF8AD320AED657700A99441 /* OggVorbisStreamDecoder.h */ = {isa = PBXFileReference; fileEncoding = 30; lastKnownFileType = sourcecode.c.h; name = OggVorbisStreamDecoder.h; path = Audio/Decoders/OggVorbisStreamDecoder.h; sourceTree = "<group>"; };
		8CF8AD330AED657700A99441 /* OggVorbisStreamDecoder.m */ = {isa = PBXFileReference; fileEncoding = 30; lastKnownFileType = sourcecode.c.objc; name = OggVorbisStreamDecoder.m; path = Audio/Decoders/OggVorbisStreamDecoder.m; sourceTree = "<group>"; };
		8CF8B1CF0AED68FB00A99441 /* ogg.framework */ = {isa = PBXFileReference; lastKnownFileType = wrapper.framework; name = ogg.framework; path = Frameworks/ogg.framework; sourceTree = "<group>"; };
		8CF8B1D00AED68FB00A99441 /* vorbis.framework */ = {isa = PBXFileReference; lastKnownFileType = wrapper.framework; name = vorbis.framework; path = Frameworks/vorbis.framework; sourceTree = "<group>"; };
		8CF8B7000AED745700A99441 /* MusepackStreamDecoder.h */ = {isa = PBXFileReference; fileEncoding = 4; lastKnownFileType = sourcecode.c.h; name = MusepackStreamDecoder.h; path = Audio/Decoders/MusepackStreamDecoder.h; sourceTree = "<group>"; };
		8CF8B7010AED745700A99441 /* MusepackStreamDecoder.m */ = {isa = PBXFileReference; fileEncoding = 4; lastKnownFileType = sourcecode.c.objc; name = MusepackStreamDecoder.m; path = Audio/Decoders/MusepackStreamDecoder.m; sourceTree = "<group>"; };
		8CF8B7270AED78D200A99441 /* mpcdec.framework */ = {isa = PBXFileReference; lastKnownFileType = wrapper.framework; name = mpcdec.framework; path = Frameworks/mpcdec.framework; sourceTree = "<group>"; };
		8CF8B79C0AED7E5E00A99441 /* AudioMetadataReader.h */ = {isa = PBXFileReference; fileEncoding = 30; lastKnownFileType = sourcecode.c.h; name = AudioMetadataReader.h; path = Audio/Metadata/AudioMetadataReader.h; sourceTree = "<group>"; };
		8CF8B79D0AED7E5E00A99441 /* AudioMetadataReader.m */ = {isa = PBXFileReference; fileEncoding = 30; lastKnownFileType = sourcecode.c.objc; name = AudioMetadataReader.m; path = Audio/Metadata/AudioMetadataReader.m; sourceTree = "<group>"; };
		8CF8B7C30AED7FB500A99441 /* FLACMetadataReader.h */ = {isa = PBXFileReference; fileEncoding = 4; lastKnownFileType = sourcecode.c.h; name = FLACMetadataReader.h; path = Audio/Metadata/FLACMetadataReader.h; sourceTree = "<group>"; };
		8CF8B7C40AED7FB500A99441 /* FLACMetadataReader.m */ = {isa = PBXFileReference; fileEncoding = 4; lastKnownFileType = sourcecode.c.objc; name = FLACMetadataReader.m; path = Audio/Metadata/FLACMetadataReader.m; sourceTree = "<group>"; };
		8CF8B8030AED823F00A99441 /* MusepackMetadataReader.h */ = {isa = PBXFileReference; fileEncoding = 30; lastKnownFileType = sourcecode.c.h; name = MusepackMetadataReader.h; path = Audio/Metadata/MusepackMetadataReader.h; sourceTree = "<group>"; };
		8CF8B8050AED823F00A99441 /* OggVorbisMetadataReader.h */ = {isa = PBXFileReference; fileEncoding = 30; lastKnownFileType = sourcecode.c.h; name = OggVorbisMetadataReader.h; path = Audio/Metadata/OggVorbisMetadataReader.h; sourceTree = "<group>"; };
		8CF8B8330AED83E800A99441 /* OggVorbisMetadataReader.mm */ = {isa = PBXFileReference; fileEncoding = 30; lastKnownFileType = sourcecode.cpp.objcpp; name = OggVorbisMetadataReader.mm; path = Audio/Metadata/OggVorbisMetadataReader.mm; sourceTree = "<group>"; };
		8CF8B8350AED841300A99441 /* taglib.framework */ = {isa = PBXFileReference; lastKnownFileType = wrapper.framework; name = taglib.framework; path = Frameworks/taglib.framework; sourceTree = "<group>"; };
		8CF8B8910AED868700A99441 /* MusepackMetadataReader.mm */ = {isa = PBXFileReference; fileEncoding = 30; lastKnownFileType = sourcecode.cpp.objcpp; name = MusepackMetadataReader.mm; path = Audio/Metadata/MusepackMetadataReader.mm; sourceTree = "<group>"; };
		8CF8BE2A0AEDB57400A99441 /* previous.png */ = {isa = PBXFileReference; lastKnownFileType = image.png; name = previous.png; path = Images/previous.png; sourceTree = "<group>"; };
		8CF8BE2B0AEDB57400A99441 /* next.png */ = {isa = PBXFileReference; lastKnownFileType = image.png; name = next.png; path = Images/next.png; sourceTree = "<group>"; };
		8CF8BE2C0AEDB57400A99441 /* noatunloopsong.png */ = {isa = PBXFileReference; lastKnownFileType = image.png; name = noatunloopsong.png; path = Images/noatunloopsong.png; sourceTree = "<group>"; };
		8CF8BE380AEDB69100A99441 /* roll.png */ = {isa = PBXFileReference; lastKnownFileType = image.png; name = roll.png; path = Images/roll.png; sourceTree = "<group>"; };
		8CF8C2BA0AEDBFE500A99441 /* AudioStreamTableView.h */ = {isa = PBXFileReference; fileEncoding = 4; lastKnownFileType = sourcecode.c.h; name = AudioStreamTableView.h; path = LibraryDocument/AudioStreamTableView.h; sourceTree = "<group>"; };
		8CF8C2BB0AEDBFE500A99441 /* AudioStreamTableView.m */ = {isa = PBXFileReference; fileEncoding = 4; lastKnownFileType = sourcecode.c.objc; name = AudioStreamTableView.m; path = LibraryDocument/AudioStreamTableView.m; sourceTree = "<group>"; };
		8CF8C3160AEDC76000A99441 /* mt19937ar.c */ = {isa = PBXFileReference; fileEncoding = 30; lastKnownFileType = sourcecode.c.c; name = mt19937ar.c; path = Utilities/mt19937ar.c; sourceTree = "<group>"; };
		8CF8C3640AEDCA6E00A99441 /* mt19937ar.h */ = {isa = PBXFileReference; fileEncoding = 30; lastKnownFileType = sourcecode.c.h; name = mt19937ar.h; path = Utilities/mt19937ar.h; sourceTree = "<group>"; };
		8CF8C3E20AEDD7E900A99441 /* UtilityFunctions.h */ = {isa = PBXFileReference; fileEncoding = 4; lastKnownFileType = sourcecode.c.h; name = UtilityFunctions.h; path = Utilities/UtilityFunctions.h; sourceTree = "<group>"; };
		8CF8C3E30AEDD7EA00A99441 /* UtilityFunctions.m */ = {isa = PBXFileReference; fileEncoding = 4; lastKnownFileType = sourcecode.c.objc; name = UtilityFunctions.m; path = Utilities/UtilityFunctions.m; sourceTree = "<group>"; };
		8CF8C4310AEDDB7500A99441 /* CoreAudioStreamDecoder.h */ = {isa = PBXFileReference; fileEncoding = 4; lastKnownFileType = sourcecode.c.h; name = CoreAudioStreamDecoder.h; path = Audio/Decoders/CoreAudioStreamDecoder.h; sourceTree = "<group>"; };
		8CF8C4320AEDDB7500A99441 /* CoreAudioStreamDecoder.m */ = {isa = PBXFileReference; fileEncoding = 4; lastKnownFileType = sourcecode.c.objc; name = CoreAudioStreamDecoder.m; path = Audio/Decoders/CoreAudioStreamDecoder.m; sourceTree = "<group>"; };
		8D15AC360486D014006FF6A4 /* Info.plist */ = {isa = PBXFileReference; fileEncoding = 4; lastKnownFileType = text.plist; path = Info.plist; sourceTree = "<group>"; };
		8D15AC370486D014006FF6A4 /* Play.app */ = {isa = PBXFileReference; explicitFileType = wrapper.application; includeInIndex = 0; path = Play.app; sourceTree = BUILT_PRODUCTS_DIR; };
/* End PBXFileReference section */

/* Begin PBXFrameworksBuildPhase section */
		8D15AC330486D014006FF6A4 /* Frameworks */ = {
			isa = PBXFrameworksBuildPhase;
			buildActionMask = 2147483647;
			files = (
				775DFF38067A968500C5B868 /* Cocoa.framework in Frameworks */,
				8CB8C8720AE736D6000581D5 /* AudioToolbox.framework in Frameworks */,
				8CB8C8730AE736D6000581D5 /* AudioUnit.framework in Frameworks */,
				8CB8C8740AE736D6000581D5 /* CoreAudio.framework in Frameworks */,
				8CB8C8750AE736DA000581D5 /* CoreData.framework in Frameworks */,
				8CB8CE250AE74F53000581D5 /* FLAC.framework in Frameworks */,
				8CF89D100AEB301B00A99441 /* Growl.framework in Frameworks */,
				8CF8B1DC0AED68FB00A99441 /* ogg.framework in Frameworks */,
				8CF8B1DD0AED68FB00A99441 /* vorbis.framework in Frameworks */,
				8CF8B7330AED78D200A99441 /* mpcdec.framework in Frameworks */,
				8CF8B86A0AED841300A99441 /* taglib.framework in Frameworks */,
			);
			runOnlyForDeploymentPostprocessing = 0;
		};
/* End PBXFrameworksBuildPhase section */

/* Begin PBXGroup section */
		1058C7A6FEA54F5311CA2CBB /* Linked Frameworks */ = {
			isa = PBXGroup;
			children = (
				1058C7A7FEA54F5311CA2CBB /* Cocoa.framework */,
			);
			name = "Linked Frameworks";
			sourceTree = "<group>";
		};
		1058C7A8FEA54F5311CA2CBB /* Other Frameworks */ = {
			isa = PBXGroup;
			children = (
				2A37F4C5FDCFA73011CA2CEA /* Foundation.framework */,
				7788DA0506752A1600599AAD /* CoreData.framework */,
				2A37F4C4FDCFA73011CA2CEA /* AppKit.framework */,
			);
			name = "Other Frameworks";
			sourceTree = "<group>";
		};
		19C28FB0FE9D524F11CA2CBB /* Products */ = {
			isa = PBXGroup;
			children = (
				8D15AC370486D014006FF6A4 /* Play.app */,
			);
			name = Products;
			sourceTree = "<group>";
		};
		2A37F4AAFDCFA73011CA2CEA /* Play */ = {
			isa = PBXGroup;
			children = (
				E1B74B1A0667B4A90069E3BA /* Models */,
				2A37F4ABFDCFA73011CA2CEA /* Library Document */,
				8CB8C8420AE7369B000581D5 /* Audio */,
				8CF8AD2B0AED656600A99441 /* Decoders */,
				8CF8B79B0AED7E4C00A99441 /* Metadata */,
				2A37F4AFFDCFA73011CA2CEA /* Other Sources */,
				8CF8C3150AEDC75000A99441 /* Utilities */,
				2A37F4B8FDCFA73011CA2CEA /* Resources */,
				8CD43ACC0AE3441000B41F4D /* Images */,
				8CD4457F0AE3FD1400B41F4D /* Icons */,
				8CD44F350AE4A72E00B41F4D /* Strings */,
				2A37F4C3FDCFA73011CA2CEA /* Frameworks */,
				19C28FB0FE9D524F11CA2CBB /* Products */,
			);
			name = Play;
			sourceTree = "<group>";
		};
		2A37F4ABFDCFA73011CA2CEA /* Library Document */ = {
			isa = PBXGroup;
			children = (
				8C6411050AE5FF2E0075644F /* AudioStreamTableViewDataSource.m */,
				8C6411040AE5FF2E0075644F /* AudioStreamTableViewDataSource.h */,
				8C6411060AE5FF2E0075644F /* LibraryDocument.h */,
				8C6411070AE5FF2E0075644F /* LibraryDocument.m */,
				8C6411080AE5FF2E0075644F /* PlaylistTableViewDataSource.h */,
				8C6411090AE5FF2E0075644F /* PlaylistTableViewDataSource.m */,
				8CF8AA540AEBEE1A00A99441 /* AudioStreamInformationSheet.h */,
				8CF8AA550AEBEE1A00A99441 /* AudioStreamInformationSheet.m */,
				8CF8C2BA0AEDBFE500A99441 /* AudioStreamTableView.h */,
				8CF8C2BB0AEDBFE500A99441 /* AudioStreamTableView.m */,
			);
			name = "Library Document";
			sourceTree = "<group>";
		};
		2A37F4AFFDCFA73011CA2CEA /* Other Sources */ = {
			isa = PBXGroup;
			children = (
				8CD43AE70AE345A700B41F4D /* PlayApplicationDelegate.h */,
				8CD43AE80AE345A700B41F4D /* PlayApplicationDelegate.m */,
				32DBCF750370BD2300C91783 /* Play_Prefix.pch */,
				2A37F4B0FDCFA73011CA2CEA /* main.m */,
			);
			name = "Other Sources";
			sourceTree = "<group>";
		};
		2A37F4B8FDCFA73011CA2CEA /* Resources */ = {
			isa = PBXGroup;
			children = (
				8CD441090AE3F92B00B41F4D /* LibraryDocument.nib */,
				2A37F4B9FDCFA73011CA2CEA /* Credits.rtf */,
				2A37F4B6FDCFA73011CA2CEA /* MainMenu.nib */,
				8D15AC360486D014006FF6A4 /* Info.plist */,
				089C165FFE840EACC02AAC07 /* InfoPlist.strings */,
				8CF8AA770AEBF09900A99441 /* AudioStreamInformationSheet.nib */,
			);
			name = Resources;
			sourceTree = "<group>";
		};
		2A37F4C3FDCFA73011CA2CEA /* Frameworks */ = {
			isa = PBXGroup;
			children = (
				8CF8B8350AED841300A99441 /* taglib.framework */,
				8CF8B7270AED78D200A99441 /* mpcdec.framework */,
				8CF8B1CF0AED68FB00A99441 /* ogg.framework */,
				8CF8B1D00AED68FB00A99441 /* vorbis.framework */,
				8CF89D080AEB301B00A99441 /* Growl.framework */,
				8CB8CE140AE74F53000581D5 /* FLAC.framework */,
				8CB8C8450AE736D5000581D5 /* AudioToolbox.framework */,
				8CB8C8460AE736D5000581D5 /* AudioUnit.framework */,
				8CB8C8470AE736D5000581D5 /* CoreAudio.framework */,
				1058C7A6FEA54F5311CA2CBB /* Linked Frameworks */,
				1058C7A8FEA54F5311CA2CBB /* Other Frameworks */,
			);
			name = Frameworks;
			sourceTree = "<group>";
		};
		8CB8C8420AE7369B000581D5 /* Audio */ = {
			isa = PBXGroup;
			children = (
				8CB8D4E10AE7E08F000581D5 /* AudioPlayer.h */,
				8CB8D4E20AE7E08F000581D5 /* AudioPlayer.m */,
			);
			name = Audio;
			sourceTree = "<group>";
		};
		8CD43ACC0AE3441000B41F4D /* Images */ = {
			isa = PBXGroup;
			children = (
				8CF8BE380AEDB69100A99441 /* roll.png */,
				8CF8BE2A0AEDB57400A99441 /* previous.png */,
				8CF8BE2B0AEDB57400A99441 /* next.png */,
				8CF8BE2C0AEDB57400A99441 /* noatunloopsong.png */,
				8CF8968B0AEAB74F00A99441 /* player_end.png */,
				8CF8968C0AEAB74F00A99441 /* player_fwd.png */,
				8CF8968D0AEAB74F00A99441 /* player_pause.png */,
				8CF8968E0AEAB74F00A99441 /* player_play.png */,
				8CF8968F0AEAB74F00A99441 /* player_rev.png */,
				8CF896900AEAB74F00A99441 /* player_rew.png */,
				8CF896910AEAB74F00A99441 /* player_start.png */,
				8CF896920AEAB74F00A99441 /* player_stop.png */,
				8CD440F50AE3F8B500B41F4D /* Add_Pressed.png */,
				8CD440F60AE3F8B500B41F4D /* Add.png */,
				8CD440F70AE3F8B500B41F4D /* Remove_Pressed.png */,
				8CD440F80AE3F8B500B41F4D /* Remove.png */,
			);
			name = Images;
			sourceTree = "<group>";
		};
		8CD4457F0AE3FD1400B41F4D /* Icons */ = {
			isa = PBXGroup;
			children = (
				8CF896AD0AEAFA9800A99441 /* Play.icns */,
				8CD445880AE3FE8300B41F4D /* LibraryDocument.icns */,
			);
			name = Icons;
			sourceTree = "<group>";
		};
		8CD44F350AE4A72E00B41F4D /* Strings */ = {
			isa = PBXGroup;
			children = (
				8CD44FBE0AE4BE1D00B41F4D /* LibraryDocumentModel.strings */,
			);
			name = Strings;
			sourceTree = "<group>";
		};
		8CF8AD2B0AED656600A99441 /* Decoders */ = {
			isa = PBXGroup;
			children = (
				8CF8AD2C0AED657700A99441 /* AudioStreamDecoder.h */,
				8CF8AD2D0AED657700A99441 /* AudioStreamDecoder.m */,
				8CF8AD2E0AED657700A99441 /* CircularBuffer.h */,
				8CF8AD2F0AED657700A99441 /* CircularBuffer.m */,
				8CF8AD300AED657700A99441 /* FLACStreamDecoder.h */,
				8CF8AD310AED657700A99441 /* FLACStreamDecoder.m */,
				8CF8AD320AED657700A99441 /* OggVorbisStreamDecoder.h */,
				8CF8AD330AED657700A99441 /* OggVorbisStreamDecoder.m */,
				8CF8B7000AED745700A99441 /* MusepackStreamDecoder.h */,
				8CF8B7010AED745700A99441 /* MusepackStreamDecoder.m */,
				8CF8C4310AEDDB7500A99441 /* CoreAudioStreamDecoder.h */,
				8CF8C4320AEDDB7500A99441 /* CoreAudioStreamDecoder.m */,
			);
			name = Decoders;
			sourceTree = "<group>";
		};
		8CF8B79B0AED7E4C00A99441 /* Metadata */ = {
			isa = PBXGroup;
			children = (
				8CF8B8910AED868700A99441 /* MusepackMetadataReader.mm */,
				8CF8B8330AED83E800A99441 /* OggVorbisMetadataReader.mm */,
				8CF8B8030AED823F00A99441 /* MusepackMetadataReader.h */,
				8CF8B8050AED823F00A99441 /* OggVorbisMetadataReader.h */,
				8CF8B79C0AED7E5E00A99441 /* AudioMetadataReader.h */,
				8CF8B79D0AED7E5E00A99441 /* AudioMetadataReader.m */,
				8CF8B7C30AED7FB500A99441 /* FLACMetadataReader.h */,
				8CF8B7C40AED7FB500A99441 /* FLACMetadataReader.m */,
			);
			name = Metadata;
			sourceTree = "<group>";
		};
		8CF8C3150AEDC75000A99441 /* Utilities */ = {
			isa = PBXGroup;
			children = (
				8CF8C3640AEDCA6E00A99441 /* mt19937ar.h */,
				8CF8C3160AEDC76000A99441 /* mt19937ar.c */,
				8CF8C3E20AEDD7E900A99441 /* UtilityFunctions.h */,
				8CF8C3E30AEDD7EA00A99441 /* UtilityFunctions.m */,
			);
			name = Utilities;
			sourceTree = "<group>";
		};
		E1B74B1A0667B4A90069E3BA /* Models */ = {
			isa = PBXGroup;
			children = (
				8C6410FE0AE5FF070075644F /* LibraryDocument.xcdatamodel */,
				8C6410FF0AE5FF070075644F /* Play.xcclassmodel */,
			);
			name = Models;
			sourceTree = "<group>";
		};
/* End PBXGroup section */

/* Begin PBXNativeTarget section */
		8D15AC270486D014006FF6A4 /* Play */ = {
			isa = PBXNativeTarget;
			buildConfigurationList = 26FC0AA50875C8B900E6366F /* Build configuration list for PBXNativeTarget "Play" */;
			buildPhases = (
				8D15AC2B0486D014006FF6A4 /* Resources */,
				8D15AC300486D014006FF6A4 /* Sources */,
				8D15AC330486D014006FF6A4 /* Frameworks */,
				8CF8B7500AED79F500A99441 /* Copy Frameworks */,
			);
			buildRules = (
			);
			dependencies = (
			);
			name = Play;
			productInstallPath = "$(HOME)/Applications";
			productName = Play;
			productReference = 8D15AC370486D014006FF6A4 /* Play.app */;
			productType = "com.apple.product-type.application";
		};
/* End PBXNativeTarget section */

/* Begin PBXProject section */
		2A37F4A9FDCFA73011CA2CEA /* Project object */ = {
			isa = PBXProject;
			buildConfigurationList = 26FC0AA90875C8B900E6366F /* Build configuration list for PBXProject "Play" */;
			hasScannedForEncodings = 1;
			mainGroup = 2A37F4AAFDCFA73011CA2CEA /* Play */;
			projectDirPath = "";
			targets = (
				8D15AC270486D014006FF6A4 /* Play */,
			);
		};
/* End PBXProject section */

/* Begin PBXResourcesBuildPhase section */
		8D15AC2B0486D014006FF6A4 /* Resources */ = {
			isa = PBXResourcesBuildPhase;
			buildActionMask = 2147483647;
			files = (
				8D15AC2C0486D014006FF6A4 /* Credits.rtf in Resources */,
				8D15AC2D0486D014006FF6A4 /* MainMenu.nib in Resources */,
				8D15AC2F0486D014006FF6A4 /* InfoPlist.strings in Resources */,
				8CD440F90AE3F8B500B41F4D /* Add_Pressed.png in Resources */,
				8CD440FA0AE3F8B500B41F4D /* Add.png in Resources */,
				8CD440FB0AE3F8B500B41F4D /* Remove_Pressed.png in Resources */,
				8CD440FC0AE3F8B500B41F4D /* Remove.png in Resources */,
				8CD4410B0AE3F92B00B41F4D /* LibraryDocument.nib in Resources */,
				8CD445890AE3FE8300B41F4D /* LibraryDocument.icns in Resources */,
				8CD44FC00AE4BE1D00B41F4D /* LibraryDocumentModel.strings in Resources */,
				8C6411010AE5FF070075644F /* Play.xcclassmodel in Resources */,
				8CF896930AEAB74F00A99441 /* player_end.png in Resources */,
				8CF896940AEAB74F00A99441 /* player_fwd.png in Resources */,
				8CF896950AEAB75000A99441 /* player_pause.png in Resources */,
				8CF896960AEAB75000A99441 /* player_play.png in Resources */,
				8CF896970AEAB75000A99441 /* player_rev.png in Resources */,
				8CF896980AEAB75000A99441 /* player_rew.png in Resources */,
				8CF896990AEAB75000A99441 /* player_start.png in Resources */,
				8CF8969A0AEAB75000A99441 /* player_stop.png in Resources */,
				8CF896AE0AEAFA9800A99441 /* Play.icns in Resources */,
				8CF8AA790AEBF09900A99441 /* AudioStreamInformationSheet.nib in Resources */,
				8CF8BE2D0AEDB57400A99441 /* previous.png in Resources */,
				8CF8BE2E0AEDB57400A99441 /* next.png in Resources */,
				8CF8BE2F0AEDB57400A99441 /* noatunloopsong.png in Resources */,
				8CF8BE390AEDB69200A99441 /* roll.png in Resources */,
			);
			runOnlyForDeploymentPostprocessing = 0;
		};
/* End PBXResourcesBuildPhase section */

/* Begin PBXSourcesBuildPhase section */
		8D15AC300486D014006FF6A4 /* Sources */ = {
			isa = PBXSourcesBuildPhase;
			buildActionMask = 2147483647;
			files = (
				8D15AC320486D014006FF6A4 /* main.m in Sources */,
				8CD43AE90AE345A700B41F4D /* PlayApplicationDelegate.m in Sources */,
				8C6411000AE5FF070075644F /* LibraryDocument.xcdatamodel in Sources */,
				8C64110A0AE5FF2E0075644F /* AudioStreamTableViewDataSource.m in Sources */,
				8C64110B0AE5FF2E0075644F /* LibraryDocument.m in Sources */,
				8C64110C0AE5FF2E0075644F /* PlaylistTableViewDataSource.m in Sources */,
				8CB8D4E30AE7E08F000581D5 /* AudioPlayer.m in Sources */,
				8CF8AA560AEBEE1A00A99441 /* AudioStreamInformationSheet.m in Sources */,
				8CF8AD340AED657800A99441 /* AudioStreamDecoder.m in Sources */,
				8CF8AD350AED657800A99441 /* CircularBuffer.m in Sources */,
				8CF8AD360AED657800A99441 /* FLACStreamDecoder.m in Sources */,
				8CF8AD370AED657800A99441 /* OggVorbisStreamDecoder.m in Sources */,
				8CF8B7020AED745700A99441 /* MusepackStreamDecoder.m in Sources */,
				8CF8B79F0AED7E5F00A99441 /* AudioMetadataReader.m in Sources */,
				8CF8B7C60AED7FB500A99441 /* FLACMetadataReader.m in Sources */,
				8CF8B8340AED83E800A99441 /* OggVorbisMetadataReader.mm in Sources */,
				8CF8B8920AED868700A99441 /* MusepackMetadataReader.mm in Sources */,
				8CF8C2BD0AEDBFE500A99441 /* AudioStreamTableView.m in Sources */,
				8CF8C3170AEDC76000A99441 /* mt19937ar.c in Sources */,
				8CF8C3E50AEDD7EA00A99441 /* UtilityFunctions.m in Sources */,
				8CF8C4340AEDDB7500A99441 /* CoreAudioStreamDecoder.m in Sources */,
			);
			runOnlyForDeploymentPostprocessing = 0;
		};
/* End PBXSourcesBuildPhase section */

/* Begin PBXVariantGroup section */
		089C165FFE840EACC02AAC07 /* InfoPlist.strings */ = {
			isa = PBXVariantGroup;
			children = (
				089C1660FE840EACC02AAC07 /* English */,
			);
			name = InfoPlist.strings;
			sourceTree = "<group>";
		};
		2A37F4B6FDCFA73011CA2CEA /* MainMenu.nib */ = {
			isa = PBXVariantGroup;
			children = (
				2A37F4B7FDCFA73011CA2CEA /* English */,
			);
			name = MainMenu.nib;
			sourceTree = "<group>";
		};
		2A37F4B9FDCFA73011CA2CEA /* Credits.rtf */ = {
			isa = PBXVariantGroup;
			children = (
				2A37F4BAFDCFA73011CA2CEA /* English */,
			);
			name = Credits.rtf;
			sourceTree = "<group>";
		};
		8CD441090AE3F92B00B41F4D /* LibraryDocument.nib */ = {
			isa = PBXVariantGroup;
			children = (
				8CD4410A0AE3F92B00B41F4D /* English */,
			);
			name = LibraryDocument.nib;
			sourceTree = "<group>";
		};
		8CD44FBE0AE4BE1D00B41F4D /* LibraryDocumentModel.strings */ = {
			isa = PBXVariantGroup;
			children = (
				8CD44FBF0AE4BE1D00B41F4D /* English */,
			);
			name = LibraryDocumentModel.strings;
			sourceTree = "<group>";
		};
		8CF8AA770AEBF09900A99441 /* AudioStreamInformationSheet.nib */ = {
			isa = PBXVariantGroup;
			children = (
				8CF8AA780AEBF09900A99441 /* English */,
			);
			name = AudioStreamInformationSheet.nib;
			sourceTree = "<group>";
		};
/* End PBXVariantGroup section */

/* Begin XCBuildConfiguration section */
		26FC0AA60875C8B900E6366F /* Debug */ = {
			isa = XCBuildConfiguration;
			buildSettings = {
				COPY_PHASE_STRIP = NO;
				FRAMEWORK_SEARCH_PATHS = (
					"$(inherited)",
					"$(FRAMEWORK_SEARCH_PATHS_QUOTED_1)",
					"$(FRAMEWORK_SEARCH_PATHS_QUOTED_2)",
					"$(FRAMEWORK_SEARCH_PATHS_QUOTED_3)",
				);
				FRAMEWORK_SEARCH_PATHS_QUOTED_1 = "\"$(SRCROOT)/Frameworks\"";
				FRAMEWORK_SEARCH_PATHS_QUOTED_2 = "\"$(SRCROOT)/Frameworks\"";
				FRAMEWORK_SEARCH_PATHS_QUOTED_3 = "\"$(SRCROOT)/Frameworks\"";
				GCC_DYNAMIC_NO_PIC = NO;
				GCC_ENABLE_FIX_AND_CONTINUE = YES;
				GCC_ENABLE_OBJC_EXCEPTIONS = YES;
				GCC_MODEL_TUNING = G5;
				GCC_OPTIMIZATION_LEVEL = 0;
				GCC_PRECOMPILE_PREFIX_HEADER = YES;
				GCC_PREFIX_HEADER = Play_Prefix.pch;
				GCC_PREPROCESSOR_DEFINITIONS_NOT_USED_IN_PRECOMPS = (
					__MACOSX__,
					"$(inherited)",
				);
				INFOPLIST_FILE = Info.plist;
				INSTALL_PATH = "$(HOME)/Applications";
				PRODUCT_NAME = Play;
				WRAPPER_EXTENSION = app;
				ZERO_LINK = YES;
			};
			name = Debug;
		};
		26FC0AA70875C8B900E6366F /* Release */ = {
			isa = XCBuildConfiguration;
			buildSettings = {
				ARCHS = (
					ppc,
					i386,
				);
				FRAMEWORK_SEARCH_PATHS = (
					"$(inherited)",
					"$(FRAMEWORK_SEARCH_PATHS_QUOTED_1)",
					"$(FRAMEWORK_SEARCH_PATHS_QUOTED_2)",
					"$(FRAMEWORK_SEARCH_PATHS_QUOTED_3)",
				);
				FRAMEWORK_SEARCH_PATHS_QUOTED_1 = "\"$(SRCROOT)/Frameworks\"";
				FRAMEWORK_SEARCH_PATHS_QUOTED_2 = "\"$(SRCROOT)/Frameworks\"";
				FRAMEWORK_SEARCH_PATHS_QUOTED_3 = "\"$(SRCROOT)/Frameworks\"";
				GCC_ENABLE_OBJC_EXCEPTIONS = YES;
				GCC_GENERATE_DEBUGGING_SYMBOLS = NO;
				GCC_MODEL_TUNING = G5;
				GCC_PRECOMPILE_PREFIX_HEADER = YES;
				GCC_PREFIX_HEADER = Play_Prefix.pch;
				GCC_PREPROCESSOR_DEFINITIONS_NOT_USED_IN_PRECOMPS = (
					__MACOSX__,
					"$(inherited)",
				);
				INFOPLIST_FILE = Info.plist;
				INSTALL_PATH = "$(HOME)/Applications";
				PRODUCT_NAME = Play;
				WRAPPER_EXTENSION = app;
			};
			name = Release;
		};
		26FC0AAA0875C8B900E6366F /* Debug */ = {
			isa = XCBuildConfiguration;
			buildSettings = {
				GCC_WARN_ABOUT_RETURN_TYPE = YES;
				GCC_WARN_UNUSED_VARIABLE = YES;
				PREBINDING = NO;
				SDKROOT = /Developer/SDKs/MacOSX10.4u.sdk;
			};
			name = Debug;
		};
		26FC0AAB0875C8B900E6366F /* Release */ = {
			isa = XCBuildConfiguration;
			buildSettings = {
				GCC_WARN_ABOUT_RETURN_TYPE = YES;
				GCC_WARN_UNUSED_VARIABLE = YES;
				PREBINDING = NO;
				SDKROOT = /Developer/SDKs/MacOSX10.4u.sdk;
			};
			name = Release;
		};
/* End XCBuildConfiguration section */

/* Begin XCConfigurationList section */
		26FC0AA50875C8B900E6366F /* Build configuration list for PBXNativeTarget "Play" */ = {
			isa = XCConfigurationList;
			buildConfigurations = (
				26FC0AA60875C8B900E6366F /* Debug */,
				26FC0AA70875C8B900E6366F /* Release */,
			);
			defaultConfigurationIsVisible = 0;
			defaultConfigurationName = Release;
		};
		26FC0AA90875C8B900E6366F /* Build configuration list for PBXProject "Play" */ = {
			isa = XCConfigurationList;
			buildConfigurations = (
				26FC0AAA0875C8B900E6366F /* Debug */,
				26FC0AAB0875C8B900E6366F /* Release */,
			);
			defaultConfigurationIsVisible = 0;
			defaultConfigurationName = Release;
		};
/* End XCConfigurationList section */
	};
	rootObject = 2A37F4A9FDCFA73011CA2CEA /* Project object */;
}
