// !$*UTF8*$!
{
	archiveVersion = 1;
	classes = {
	};
	objectVersion = 42;
	objects = {

/* Begin PBXBuildFile section */
		775DFF38067A968500C5B868 /* Cocoa.framework in Frameworks */ = {isa = PBXBuildFile; fileRef = 1058C7A7FEA54F5311CA2CBB /* Cocoa.framework */; };
		8C6411000AE5FF070075644F /* LibraryDocument.xcdatamodel in Sources */ = {isa = PBXBuildFile; fileRef = 8C6410FE0AE5FF070075644F /* LibraryDocument.xcdatamodel */; };
		8C6411010AE5FF070075644F /* Play.xcclassmodel in Resources */ = {isa = PBXBuildFile; fileRef = 8C6410FF0AE5FF070075644F /* Play.xcclassmodel */; };
		8C64110A0AE5FF2E0075644F /* AudioStreamTableViewDataSource.m in Sources */ = {isa = PBXBuildFile; fileRef = 8C6411050AE5FF2E0075644F /* AudioStreamTableViewDataSource.m */; };
		8C64110B0AE5FF2E0075644F /* LibraryDocument.m in Sources */ = {isa = PBXBuildFile; fileRef = 8C6411070AE5FF2E0075644F /* LibraryDocument.m */; };
		8C64110C0AE5FF2E0075644F /* PlaylistTableViewDataSource.m in Sources */ = {isa = PBXBuildFile; fileRef = 8C6411090AE5FF2E0075644F /* PlaylistTableViewDataSource.m */; };
		8CD43AE90AE345A700B41F4D /* PlayApplicationDelegate.m in Sources */ = {isa = PBXBuildFile; fileRef = 8CD43AE80AE345A700B41F4D /* PlayApplicationDelegate.m */; };
		8CD440F90AE3F8B500B41F4D /* Add_Pressed.png in Resources */ = {isa = PBXBuildFile; fileRef = 8CD440F50AE3F8B500B41F4D /* Add_Pressed.png */; };
		8CD440FA0AE3F8B500B41F4D /* Add.png in Resources */ = {isa = PBXBuildFile; fileRef = 8CD440F60AE3F8B500B41F4D /* Add.png */; };
		8CD440FB0AE3F8B500B41F4D /* Remove_Pressed.png in Resources */ = {isa = PBXBuildFile; fileRef = 8CD440F70AE3F8B500B41F4D /* Remove_Pressed.png */; };
		8CD440FC0AE3F8B500B41F4D /* Remove.png in Resources */ = {isa = PBXBuildFile; fileRef = 8CD440F80AE3F8B500B41F4D /* Remove.png */; };
		8CD4410B0AE3F92B00B41F4D /* LibraryDocument.nib in Resources */ = {isa = PBXBuildFile; fileRef = 8CD441090AE3F92B00B41F4D /* LibraryDocument.nib */; };
		8CD445830AE3FDC200B41F4D /* Play.icns in Resources */ = {isa = PBXBuildFile; fileRef = 8CD445820AE3FDC200B41F4D /* Play.icns */; };
		8CD445890AE3FE8300B41F4D /* LibraryDocument.icns in Resources */ = {isa = PBXBuildFile; fileRef = 8CD445880AE3FE8300B41F4D /* LibraryDocument.icns */; };
		8CD44FC00AE4BE1D00B41F4D /* LibraryDocumentModel.strings in Resources */ = {isa = PBXBuildFile; fileRef = 8CD44FBE0AE4BE1D00B41F4D /* LibraryDocumentModel.strings */; };
		8D15AC2C0486D014006FF6A4 /* Credits.rtf in Resources */ = {isa = PBXBuildFile; fileRef = 2A37F4B9FDCFA73011CA2CEA /* Credits.rtf */; };
		8D15AC2D0486D014006FF6A4 /* MainMenu.nib in Resources */ = {isa = PBXBuildFile; fileRef = 2A37F4B6FDCFA73011CA2CEA /* MainMenu.nib */; };
		8D15AC2F0486D014006FF6A4 /* InfoPlist.strings in Resources */ = {isa = PBXBuildFile; fileRef = 089C165FFE840EACC02AAC07 /* InfoPlist.strings */; };
		8D15AC320486D014006FF6A4 /* main.m in Sources */ = {isa = PBXBuildFile; fileRef = 2A37F4B0FDCFA73011CA2CEA /* main.m */; settings = {ATTRIBUTES = (); }; };
/* End PBXBuildFile section */

/* Begin PBXFileReference section */
		089C1660FE840EACC02AAC07 /* English */ = {isa = PBXFileReference; fileEncoding = 10; lastKnownFileType = text.plist.strings; name = English; path = English.lproj/InfoPlist.strings; sourceTree = "<group>"; };
		1058C7A7FEA54F5311CA2CBB /* Cocoa.framework */ = {isa = PBXFileReference; lastKnownFileType = wrapper.framework; name = Cocoa.framework; path = /System/Library/Frameworks/Cocoa.framework; sourceTree = "<absolute>"; };
		2A37F4B0FDCFA73011CA2CEA /* main.m */ = {isa = PBXFileReference; fileEncoding = 4; lastKnownFileType = sourcecode.c.objc; path = main.m; sourceTree = "<group>"; };
		2A37F4B7FDCFA73011CA2CEA /* English */ = {isa = PBXFileReference; lastKnownFileType = wrapper.nib; name = English; path = English.lproj/MainMenu.nib; sourceTree = "<group>"; };
		2A37F4BAFDCFA73011CA2CEA /* English */ = {isa = PBXFileReference; lastKnownFileType = text.rtf; name = English; path = English.lproj/Credits.rtf; sourceTree = "<group>"; };
		2A37F4C4FDCFA73011CA2CEA /* AppKit.framework */ = {isa = PBXFileReference; lastKnownFileType = wrapper.framework; name = AppKit.framework; path = /System/Library/Frameworks/AppKit.framework; sourceTree = "<absolute>"; };
		2A37F4C5FDCFA73011CA2CEA /* Foundation.framework */ = {isa = PBXFileReference; lastKnownFileType = wrapper.framework; name = Foundation.framework; path = /System/Library/Frameworks/Foundation.framework; sourceTree = "<absolute>"; };
		32DBCF750370BD2300C91783 /* Play_Prefix.pch */ = {isa = PBXFileReference; fileEncoding = 4; lastKnownFileType = sourcecode.c.h; path = Play_Prefix.pch; sourceTree = "<group>"; };
		7788DA0506752A1600599AAD /* CoreData.framework */ = {isa = PBXFileReference; lastKnownFileType = wrapper.framework; name = CoreData.framework; path = /System/Library/Frameworks/CoreData.framework; sourceTree = "<absolute>"; };
		8C6410FE0AE5FF070075644F /* LibraryDocument.xcdatamodel */ = {isa = PBXFileReference; fileEncoding = 30; lastKnownFileType = wrapper.xcdatamodel; name = LibraryDocument.xcdatamodel; path = Models/LibraryDocument.xcdatamodel; sourceTree = "<group>"; };
		8C6410FF0AE5FF070075644F /* Play.xcclassmodel */ = {isa = PBXFileReference; lastKnownFileType = wrapper.xcclassmodel; name = Play.xcclassmodel; path = Models/Play.xcclassmodel; sourceTree = "<group>"; };
		8C6411040AE5FF2E0075644F /* AudioStreamTableViewDataSource.h */ = {isa = PBXFileReference; fileEncoding = 30; lastKnownFileType = sourcecode.c.h; name = AudioStreamTableViewDataSource.h; path = LibraryDocument/AudioStreamTableViewDataSource.h; sourceTree = "<group>"; };
		8C6411050AE5FF2E0075644F /* AudioStreamTableViewDataSource.m */ = {isa = PBXFileReference; fileEncoding = 30; lastKnownFileType = sourcecode.c.objc; name = AudioStreamTableViewDataSource.m; path = LibraryDocument/AudioStreamTableViewDataSource.m; sourceTree = "<group>"; };
		8C6411060AE5FF2E0075644F /* LibraryDocument.h */ = {isa = PBXFileReference; fileEncoding = 30; lastKnownFileType = sourcecode.c.h; name = LibraryDocument.h; path = LibraryDocument/LibraryDocument.h; sourceTree = "<group>"; };
		8C6411070AE5FF2E0075644F /* LibraryDocument.m */ = {isa = PBXFileReference; fileEncoding = 30; lastKnownFileType = sourcecode.c.objc; name = LibraryDocument.m; path = LibraryDocument/LibraryDocument.m; sourceTree = "<group>"; };
		8C6411080AE5FF2E0075644F /* PlaylistTableViewDataSource.h */ = {isa = PBXFileReference; fileEncoding = 30; lastKnownFileType = sourcecode.c.h; name = PlaylistTableViewDataSource.h; path = LibraryDocument/PlaylistTableViewDataSource.h; sourceTree = "<group>"; };
		8C6411090AE5FF2E0075644F /* PlaylistTableViewDataSource.m */ = {isa = PBXFileReference; fileEncoding = 30; lastKnownFileType = sourcecode.c.objc; name = PlaylistTableViewDataSource.m; path = LibraryDocument/PlaylistTableViewDataSource.m; sourceTree = "<group>"; };
		8CD43AE70AE345A700B41F4D /* PlayApplicationDelegate.h */ = {isa = PBXFileReference; fileEncoding = 4; lastKnownFileType = sourcecode.c.h; path = PlayApplicationDelegate.h; sourceTree = "<group>"; };
		8CD43AE80AE345A700B41F4D /* PlayApplicationDelegate.m */ = {isa = PBXFileReference; fileEncoding = 4; lastKnownFileType = sourcecode.c.objc; path = PlayApplicationDelegate.m; sourceTree = "<group>"; };
		8CD440F50AE3F8B500B41F4D /* Add_Pressed.png */ = {isa = PBXFileReference; lastKnownFileType = image.png; name = Add_Pressed.png; path = Images/Add_Pressed.png; sourceTree = "<group>"; };
		8CD440F60AE3F8B500B41F4D /* Add.png */ = {isa = PBXFileReference; lastKnownFileType = image.png; name = Add.png; path = Images/Add.png; sourceTree = "<group>"; };
		8CD440F70AE3F8B500B41F4D /* Remove_Pressed.png */ = {isa = PBXFileReference; lastKnownFileType = image.png; name = Remove_Pressed.png; path = Images/Remove_Pressed.png; sourceTree = "<group>"; };
		8CD440F80AE3F8B500B41F4D /* Remove.png */ = {isa = PBXFileReference; lastKnownFileType = image.png; name = Remove.png; path = Images/Remove.png; sourceTree = "<group>"; };
		8CD4410A0AE3F92B00B41F4D /* English */ = {isa = PBXFileReference; lastKnownFileType = wrapper.nib; name = English; path = English.lproj/LibraryDocument.nib; sourceTree = "<group>"; };
		8CD445820AE3FDC200B41F4D /* Play.icns */ = {isa = PBXFileReference; lastKnownFileType = image.icns; name = Play.icns; path = Icons/Play.icns; sourceTree = "<group>"; };
		8CD445880AE3FE8300B41F4D /* LibraryDocument.icns */ = {isa = PBXFileReference; lastKnownFileType = image.icns; name = LibraryDocument.icns; path = Icons/LibraryDocument.icns; sourceTree = "<group>"; };
		8CD44FBF0AE4BE1D00B41F4D /* English */ = {isa = PBXFileReference; fileEncoding = 30; lastKnownFileType = text.plist.strings; name = English; path = English.lproj/LibraryDocumentModel.strings; sourceTree = "<group>"; };
		8D15AC360486D014006FF6A4 /* Info.plist */ = {isa = PBXFileReference; fileEncoding = 4; lastKnownFileType = text.plist; path = Info.plist; sourceTree = "<group>"; };
		8D15AC370486D014006FF6A4 /* Play.app */ = {isa = PBXFileReference; explicitFileType = wrapper.application; includeInIndex = 0; path = Play.app; sourceTree = BUILT_PRODUCTS_DIR; };
/* End PBXFileReference section */

/* Begin PBXFrameworksBuildPhase section */
		8D15AC330486D014006FF6A4 /* Frameworks */ = {
			isa = PBXFrameworksBuildPhase;
			buildActionMask = 2147483647;
			files = (
				775DFF38067A968500C5B868 /* Cocoa.framework in Frameworks */,
			);
			runOnlyForDeploymentPostprocessing = 0;
		};
/* End PBXFrameworksBuildPhase section */

/* Begin PBXGroup section */
		1058C7A6FEA54F5311CA2CBB /* Linked Frameworks */ = {
			isa = PBXGroup;
			children = (
				1058C7A7FEA54F5311CA2CBB /* Cocoa.framework */,
			);
			name = "Linked Frameworks";
			sourceTree = "<group>";
		};
		1058C7A8FEA54F5311CA2CBB /* Other Frameworks */ = {
			isa = PBXGroup;
			children = (
				2A37F4C5FDCFA73011CA2CEA /* Foundation.framework */,
				7788DA0506752A1600599AAD /* CoreData.framework */,
				2A37F4C4FDCFA73011CA2CEA /* AppKit.framework */,
			);
			name = "Other Frameworks";
			sourceTree = "<group>";
		};
		19C28FB0FE9D524F11CA2CBB /* Products */ = {
			isa = PBXGroup;
			children = (
				8D15AC370486D014006FF6A4 /* Play.app */,
			);
			name = Products;
			sourceTree = "<group>";
		};
		2A37F4AAFDCFA73011CA2CEA /* Play */ = {
			isa = PBXGroup;
			children = (
				E1B74B1A0667B4A90069E3BA /* Models */,
				2A37F4ABFDCFA73011CA2CEA /* Library Document */,
				2A37F4AFFDCFA73011CA2CEA /* Other Sources */,
				2A37F4B8FDCFA73011CA2CEA /* Resources */,
				8CD43ACC0AE3441000B41F4D /* Images */,
				8CD4457F0AE3FD1400B41F4D /* Icons */,
				8CD44F350AE4A72E00B41F4D /* Strings */,
				2A37F4C3FDCFA73011CA2CEA /* Frameworks */,
				19C28FB0FE9D524F11CA2CBB /* Products */,
			);
			name = Play;
			sourceTree = "<group>";
		};
		2A37F4ABFDCFA73011CA2CEA /* Library Document */ = {
			isa = PBXGroup;
			children = (
				8C6411040AE5FF2E0075644F /* AudioStreamTableViewDataSource.h */,
				8C6411050AE5FF2E0075644F /* AudioStreamTableViewDataSource.m */,
				8C6411060AE5FF2E0075644F /* LibraryDocument.h */,
				8C6411070AE5FF2E0075644F /* LibraryDocument.m */,
				8C6411080AE5FF2E0075644F /* PlaylistTableViewDataSource.h */,
				8C6411090AE5FF2E0075644F /* PlaylistTableViewDataSource.m */,
			);
			name = "Library Document";
			sourceTree = "<group>";
		};
		2A37F4AFFDCFA73011CA2CEA /* Other Sources */ = {
			isa = PBXGroup;
			children = (
				8CD43AE70AE345A700B41F4D /* PlayApplicationDelegate.h */,
				8CD43AE80AE345A700B41F4D /* PlayApplicationDelegate.m */,
				32DBCF750370BD2300C91783 /* Play_Prefix.pch */,
				2A37F4B0FDCFA73011CA2CEA /* main.m */,
			);
			name = "Other Sources";
			sourceTree = "<group>";
		};
		2A37F4B8FDCFA73011CA2CEA /* Resources */ = {
			isa = PBXGroup;
			children = (
				8CD441090AE3F92B00B41F4D /* LibraryDocument.nib */,
				2A37F4B9FDCFA73011CA2CEA /* Credits.rtf */,
				2A37F4B6FDCFA73011CA2CEA /* MainMenu.nib */,
				8D15AC360486D014006FF6A4 /* Info.plist */,
				089C165FFE840EACC02AAC07 /* InfoPlist.strings */,
			);
			name = Resources;
			sourceTree = "<group>";
		};
		2A37F4C3FDCFA73011CA2CEA /* Frameworks */ = {
			isa = PBXGroup;
			children = (
				1058C7A6FEA54F5311CA2CBB /* Linked Frameworks */,
				1058C7A8FEA54F5311CA2CBB /* Other Frameworks */,
			);
			name = Frameworks;
			sourceTree = "<group>";
		};
		8CD43ACC0AE3441000B41F4D /* Images */ = {
			isa = PBXGroup;
			children = (
				8CD440F50AE3F8B500B41F4D /* Add_Pressed.png */,
				8CD440F60AE3F8B500B41F4D /* Add.png */,
				8CD440F70AE3F8B500B41F4D /* Remove_Pressed.png */,
				8CD440F80AE3F8B500B41F4D /* Remove.png */,
			);
			name = Images;
			sourceTree = "<group>";
		};
		8CD4457F0AE3FD1400B41F4D /* Icons */ = {
			isa = PBXGroup;
			children = (
				8CD445880AE3FE8300B41F4D /* LibraryDocument.icns */,
				8CD445820AE3FDC200B41F4D /* Play.icns */,
			);
			name = Icons;
			sourceTree = "<group>";
		};
		8CD44F350AE4A72E00B41F4D /* Strings */ = {
			isa = PBXGroup;
			children = (
				8CD44FBE0AE4BE1D00B41F4D /* LibraryDocumentModel.strings */,
			);
			name = Strings;
			sourceTree = "<group>";
		};
		E1B74B1A0667B4A90069E3BA /* Models */ = {
			isa = PBXGroup;
			children = (
				8C6410FE0AE5FF070075644F /* LibraryDocument.xcdatamodel */,
				8C6410FF0AE5FF070075644F /* Play.xcclassmodel */,
			);
			name = Models;
			sourceTree = "<group>";
		};
/* End PBXGroup section */

/* Begin PBXNativeTarget section */
		8D15AC270486D014006FF6A4 /* Play */ = {
			isa = PBXNativeTarget;
			buildConfigurationList = 26FC0AA50875C8B900E6366F /* Build configuration list for PBXNativeTarget "Play" */;
			buildPhases = (
				8D15AC2B0486D014006FF6A4 /* Resources */,
				8D15AC300486D014006FF6A4 /* Sources */,
				8D15AC330486D014006FF6A4 /* Frameworks */,
			);
			buildRules = (
			);
			dependencies = (
			);
			name = Play;
			productInstallPath = "$(HOME)/Applications";
			productName = Play;
			productReference = 8D15AC370486D014006FF6A4 /* Play.app */;
			productType = "com.apple.product-type.application";
		};
/* End PBXNativeTarget section */

/* Begin PBXProject section */
		2A37F4A9FDCFA73011CA2CEA /* Project object */ = {
			isa = PBXProject;
			buildConfigurationList = 26FC0AA90875C8B900E6366F /* Build configuration list for PBXProject "Play" */;
			hasScannedForEncodings = 1;
			mainGroup = 2A37F4AAFDCFA73011CA2CEA /* Play */;
			projectDirPath = "";
			targets = (
				8D15AC270486D014006FF6A4 /* Play */,
			);
		};
/* End PBXProject section */

/* Begin PBXResourcesBuildPhase section */
		8D15AC2B0486D014006FF6A4 /* Resources */ = {
			isa = PBXResourcesBuildPhase;
			buildActionMask = 2147483647;
			files = (
				8D15AC2C0486D014006FF6A4 /* Credits.rtf in Resources */,
				8D15AC2D0486D014006FF6A4 /* MainMenu.nib in Resources */,
				8D15AC2F0486D014006FF6A4 /* InfoPlist.strings in Resources */,
				8CD440F90AE3F8B500B41F4D /* Add_Pressed.png in Resources */,
				8CD440FA0AE3F8B500B41F4D /* Add.png in Resources */,
				8CD440FB0AE3F8B500B41F4D /* Remove_Pressed.png in Resources */,
				8CD440FC0AE3F8B500B41F4D /* Remove.png in Resources */,
				8CD4410B0AE3F92B00B41F4D /* LibraryDocument.nib in Resources */,
				8CD445830AE3FDC200B41F4D /* Play.icns in Resources */,
				8CD445890AE3FE8300B41F4D /* LibraryDocument.icns in Resources */,
				8CD44FC00AE4BE1D00B41F4D /* LibraryDocumentModel.strings in Resources */,
				8C6411010AE5FF070075644F /* Play.xcclassmodel in Resources */,
			);
			runOnlyForDeploymentPostprocessing = 0;
		};
/* End PBXResourcesBuildPhase section */

/* Begin PBXSourcesBuildPhase section */
		8D15AC300486D014006FF6A4 /* Sources */ = {
			isa = PBXSourcesBuildPhase;
			buildActionMask = 2147483647;
			files = (
				8D15AC320486D014006FF6A4 /* main.m in Sources */,
				8CD43AE90AE345A700B41F4D /* PlayApplicationDelegate.m in Sources */,
				8C6411000AE5FF070075644F /* LibraryDocument.xcdatamodel in Sources */,
				8C64110A0AE5FF2E0075644F /* AudioStreamTableViewDataSource.m in Sources */,
				8C64110B0AE5FF2E0075644F /* LibraryDocument.m in Sources */,
				8C64110C0AE5FF2E0075644F /* PlaylistTableViewDataSource.m in Sources */,
			);
			runOnlyForDeploymentPostprocessing = 0;
		};
/* End PBXSourcesBuildPhase section */

/* Begin PBXVariantGroup section */
		089C165FFE840EACC02AAC07 /* InfoPlist.strings */ = {
			isa = PBXVariantGroup;
			children = (
				089C1660FE840EACC02AAC07 /* English */,
			);
			name = InfoPlist.strings;
			sourceTree = "<group>";
		};
		2A37F4B6FDCFA73011CA2CEA /* MainMenu.nib */ = {
			isa = PBXVariantGroup;
			children = (
				2A37F4B7FDCFA73011CA2CEA /* English */,
			);
			name = MainMenu.nib;
			sourceTree = "<group>";
		};
		2A37F4B9FDCFA73011CA2CEA /* Credits.rtf */ = {
			isa = PBXVariantGroup;
			children = (
				2A37F4BAFDCFA73011CA2CEA /* English */,
			);
			name = Credits.rtf;
			sourceTree = "<group>";
		};
		8CD441090AE3F92B00B41F4D /* LibraryDocument.nib */ = {
			isa = PBXVariantGroup;
			children = (
				8CD4410A0AE3F92B00B41F4D /* English */,
			);
			name = LibraryDocument.nib;
			sourceTree = "<group>";
		};
		8CD44FBE0AE4BE1D00B41F4D /* LibraryDocumentModel.strings */ = {
			isa = PBXVariantGroup;
			children = (
				8CD44FBF0AE4BE1D00B41F4D /* English */,
			);
			name = LibraryDocumentModel.strings;
			sourceTree = "<group>";
		};
/* End PBXVariantGroup section */

/* Begin XCBuildConfiguration section */
		26FC0AA60875C8B900E6366F /* Debug */ = {
			isa = XCBuildConfiguration;
			buildSettings = {
				COPY_PHASE_STRIP = NO;
				GCC_DYNAMIC_NO_PIC = NO;
				GCC_ENABLE_FIX_AND_CONTINUE = YES;
				GCC_ENABLE_OBJC_EXCEPTIONS = YES;
				GCC_MODEL_TUNING = G5;
				GCC_OPTIMIZATION_LEVEL = 0;
				GCC_PRECOMPILE_PREFIX_HEADER = YES;
				GCC_PREFIX_HEADER = Play_Prefix.pch;
				INFOPLIST_FILE = Info.plist;
				INSTALL_PATH = "$(HOME)/Applications";
				PRODUCT_NAME = Play;
				WRAPPER_EXTENSION = app;
				ZERO_LINK = YES;
			};
			name = Debug;
		};
		26FC0AA70875C8B900E6366F /* Release */ = {
			isa = XCBuildConfiguration;
			buildSettings = {
				ARCHS = (
					ppc,
					i386,
				);
				GCC_ENABLE_OBJC_EXCEPTIONS = YES;
				GCC_GENERATE_DEBUGGING_SYMBOLS = NO;
				GCC_MODEL_TUNING = G5;
				GCC_PRECOMPILE_PREFIX_HEADER = YES;
				GCC_PREFIX_HEADER = Play_Prefix.pch;
				INFOPLIST_FILE = Info.plist;
				INSTALL_PATH = "$(HOME)/Applications";
				PRODUCT_NAME = Play;
				WRAPPER_EXTENSION = app;
			};
			name = Release;
		};
		26FC0AAA0875C8B900E6366F /* Debug */ = {
			isa = XCBuildConfiguration;
			buildSettings = {
				GCC_WARN_ABOUT_RETURN_TYPE = YES;
				GCC_WARN_UNUSED_VARIABLE = YES;
				PREBINDING = NO;
				SDKROOT = /Developer/SDKs/MacOSX10.4u.sdk;
			};
			name = Debug;
		};
		26FC0AAB0875C8B900E6366F /* Release */ = {
			isa = XCBuildConfiguration;
			buildSettings = {
				GCC_WARN_ABOUT_RETURN_TYPE = YES;
				GCC_WARN_UNUSED_VARIABLE = YES;
				PREBINDING = NO;
				SDKROOT = /Developer/SDKs/MacOSX10.4u.sdk;
			};
			name = Release;
		};
/* End XCBuildConfiguration section */

/* Begin XCConfigurationList section */
		26FC0AA50875C8B900E6366F /* Build configuration list for PBXNativeTarget "Play" */ = {
			isa = XCConfigurationList;
			buildConfigurations = (
				26FC0AA60875C8B900E6366F /* Debug */,
				26FC0AA70875C8B900E6366F /* Release */,
			);
			defaultConfigurationIsVisible = 0;
			defaultConfigurationName = Release;
		};
		26FC0AA90875C8B900E6366F /* Build configuration list for PBXProject "Play" */ = {
			isa = XCConfigurationList;
			buildConfigurations = (
				26FC0AAA0875C8B900E6366F /* Debug */,
				26FC0AAB0875C8B900E6366F /* Release */,
			);
			defaultConfigurationIsVisible = 0;
			defaultConfigurationName = Release;
		};
/* End XCConfigurationList section */
	};
	rootObject = 2A37F4A9FDCFA73011CA2CEA /* Project object */;
}
